
Microsoft Visual Studio Solution File, Format Version 12.00
# Visual Studio Version 17
VisualStudioVersion = 17.8.34227.203
MinimumVisualStudioVersion = 10.0.40219.1
Project("{2150E333-8FDC-42A3-9474-1A3956D46DE8}") = "Source", "Source", "{10AC4A0D-5879-455D-8AB6-A0F18280B7F2}"
EndProject
Project("{2150E333-8FDC-42A3-9474-1A3956D46DE8}") = "Platforms", "Platforms", "{F118EAA4-3BCF-458B-8345-2BA060DC1A2E}"
EndProject
Project("{9A19103F-16F7-4668-BE54-9A1E7A4F7556}") = "TubePlayer", "TubePlayer\TubePlayer\TubePlayer.csproj", "{88667BBC-1A6B-4114-8420-0799B448C1DF}"
EndProject
Project("{9A19103F-16F7-4668-BE54-9A1E7A4F7556}") = "TubePlayer.Base", "TubePlayer\TubePlayer.Base\TubePlayer.Base.csproj", "{F82B1740-9CC1-43C7-ACF8-A82216EB983B}"
EndProject
Project("{9A19103F-16F7-4668-BE54-9A1E7A4F7556}") = "TubePlayer.Mobile", "TubePlayer\TubePlayer.Mobile\TubePlayer.Mobile.csproj", "{55F713D4-43E9-474E-9637-AEBFB256F0F2}"
EndProject
Project("{9A19103F-16F7-4668-BE54-9A1E7A4F7556}") = "TubePlayer.Windows", "TubePlayer\TubePlayer.Windows\TubePlayer.Windows.csproj", "{98B191AC-A497-46E4-B889-A85ABE95C7E0}"
EndProject
Project("{9A19103F-16F7-4668-BE54-9A1E7A4F7556}") = "TubePlayer.Wasm", "TubePlayer\TubePlayer.Wasm\TubePlayer.Wasm.csproj", "{7F7F15C2-017B-437B-B1A8-A6884CBCC984}"
EndProject
Project("{9A19103F-16F7-4668-BE54-9A1E7A4F7556}") = "TubePlayer.Skia.Gtk", "TubePlayer\TubePlayer.Skia.Gtk\TubePlayer.Skia.Gtk.csproj", "{A5ACBC11-6B7B-4128-95D9-550DE9681E68}"
EndProject
Project("{2150E333-8FDC-42A3-9474-1A3956D46DE8}") = "Solution Items", "Solution Items", "{F81303C6-F16C-43DE-AF14-71E038157DE6}"
	ProjectSection(SolutionItems) = preProject
		.gitignore = .gitignore
		TubePlayer\Directory.Build.props = TubePlayer\Directory.Build.props
		TubePlayer\Directory.Build.targets = TubePlayer\Directory.Build.targets
		TubePlayer\Directory.Packages.props = TubePlayer\Directory.Packages.props
		TubePlayer\solution-config.props.sample = TubePlayer\solution-config.props.sample
	EndProjectSection
EndProject
Global
	GlobalSection(SolutionConfigurationPlatforms) = preSolution
		Debug|Any CPU = Debug|Any CPU
		Debug|arm64 = Debug|arm64
		Debug|x64 = Debug|x64
		Debug|x86 = Debug|x86
		Release|Any CPU = Release|Any CPU
		Release|arm64 = Release|arm64
		Release|x64 = Release|x64
		Release|x86 = Release|x86
	EndGlobalSection
	GlobalSection(ProjectConfigurationPlatforms) = postSolution
		{88667BBC-1A6B-4114-8420-0799B448C1DF}.Debug|Any CPU.ActiveCfg = Debug|Any CPU
		{88667BBC-1A6B-4114-8420-0799B448C1DF}.Debug|Any CPU.Build.0 = Debug|Any CPU
		{88667BBC-1A6B-4114-8420-0799B448C1DF}.Debug|arm64.ActiveCfg = Debug|Any CPU
		{88667BBC-1A6B-4114-8420-0799B448C1DF}.Debug|arm64.Build.0 = Debug|Any CPU
		{88667BBC-1A6B-4114-8420-0799B448C1DF}.Debug|x64.ActiveCfg = Debug|Any CPU
		{88667BBC-1A6B-4114-8420-0799B448C1DF}.Debug|x64.Build.0 = Debug|Any CPU
		{88667BBC-1A6B-4114-8420-0799B448C1DF}.Debug|x86.ActiveCfg = Debug|Any CPU
		{88667BBC-1A6B-4114-8420-0799B448C1DF}.Debug|x86.Build.0 = Debug|Any CPU
		{88667BBC-1A6B-4114-8420-0799B448C1DF}.Release|Any CPU.ActiveCfg = Release|Any CPU
		{88667BBC-1A6B-4114-8420-0799B448C1DF}.Release|Any CPU.Build.0 = Release|Any CPU
		{88667BBC-1A6B-4114-8420-0799B448C1DF}.Release|arm64.ActiveCfg = Release|Any CPU
		{88667BBC-1A6B-4114-8420-0799B448C1DF}.Release|arm64.Build.0 = Release|Any CPU
		{88667BBC-1A6B-4114-8420-0799B448C1DF}.Release|x64.ActiveCfg = Release|Any CPU
		{88667BBC-1A6B-4114-8420-0799B448C1DF}.Release|x64.Build.0 = Release|Any CPU
		{88667BBC-1A6B-4114-8420-0799B448C1DF}.Release|x86.ActiveCfg = Release|Any CPU
		{88667BBC-1A6B-4114-8420-0799B448C1DF}.Release|x86.Build.0 = Release|Any CPU
		{F82B1740-9CC1-43C7-ACF8-A82216EB983B}.Debug|Any CPU.ActiveCfg = Debug|Any CPU
		{F82B1740-9CC1-43C7-ACF8-A82216EB983B}.Debug|Any CPU.Build.0 = Debug|Any CPU
		{F82B1740-9CC1-43C7-ACF8-A82216EB983B}.Debug|arm64.ActiveCfg = Debug|Any CPU
		{F82B1740-9CC1-43C7-ACF8-A82216EB983B}.Debug|arm64.Build.0 = Debug|Any CPU
		{F82B1740-9CC1-43C7-ACF8-A82216EB983B}.Debug|x64.ActiveCfg = Debug|Any CPU
		{F82B1740-9CC1-43C7-ACF8-A82216EB983B}.Debug|x64.Build.0 = Debug|Any CPU
		{F82B1740-9CC1-43C7-ACF8-A82216EB983B}.Debug|x86.ActiveCfg = Debug|Any CPU
		{F82B1740-9CC1-43C7-ACF8-A82216EB983B}.Debug|x86.Build.0 = Debug|Any CPU
		{F82B1740-9CC1-43C7-ACF8-A82216EB983B}.Release|Any CPU.ActiveCfg = Release|Any CPU
		{F82B1740-9CC1-43C7-ACF8-A82216EB983B}.Release|Any CPU.Build.0 = Release|Any CPU
		{F82B1740-9CC1-43C7-ACF8-A82216EB983B}.Release|arm64.ActiveCfg = Release|Any CPU
		{F82B1740-9CC1-43C7-ACF8-A82216EB983B}.Release|arm64.Build.0 = Release|Any CPU
		{F82B1740-9CC1-43C7-ACF8-A82216EB983B}.Release|x64.ActiveCfg = Release|Any CPU
		{F82B1740-9CC1-43C7-ACF8-A82216EB983B}.Release|x64.Build.0 = Release|Any CPU
		{F82B1740-9CC1-43C7-ACF8-A82216EB983B}.Release|x86.ActiveCfg = Release|Any CPU
		{F82B1740-9CC1-43C7-ACF8-A82216EB983B}.Release|x86.Build.0 = Release|Any CPU
		{55F713D4-43E9-474E-9637-AEBFB256F0F2}.Debug|Any CPU.ActiveCfg = Debug|Any CPU
		{55F713D4-43E9-474E-9637-AEBFB256F0F2}.Debug|Any CPU.Build.0 = Debug|Any CPU
		{55F713D4-43E9-474E-9637-AEBFB256F0F2}.Debug|Any CPU.Deploy.0 = Debug|Any CPU
		{55F713D4-43E9-474E-9637-AEBFB256F0F2}.Debug|arm64.ActiveCfg = Debug|Any CPU
		{55F713D4-43E9-474E-9637-AEBFB256F0F2}.Debug|arm64.Build.0 = Debug|Any CPU
		{55F713D4-43E9-474E-9637-AEBFB256F0F2}.Debug|arm64.Deploy.0 = Debug|Any CPU
		{55F713D4-43E9-474E-9637-AEBFB256F0F2}.Debug|x64.ActiveCfg = Debug|Any CPU
		{55F713D4-43E9-474E-9637-AEBFB256F0F2}.Debug|x64.Build.0 = Debug|Any CPU
		{55F713D4-43E9-474E-9637-AEBFB256F0F2}.Debug|x64.Deploy.0 = Debug|Any CPU
		{55F713D4-43E9-474E-9637-AEBFB256F0F2}.Debug|x86.ActiveCfg = Debug|Any CPU
		{55F713D4-43E9-474E-9637-AEBFB256F0F2}.Debug|x86.Build.0 = Debug|Any CPU
		{55F713D4-43E9-474E-9637-AEBFB256F0F2}.Debug|x86.Deploy.0 = Debug|Any CPU
		{55F713D4-43E9-474E-9637-AEBFB256F0F2}.Release|Any CPU.ActiveCfg = Release|Any CPU
		{55F713D4-43E9-474E-9637-AEBFB256F0F2}.Release|Any CPU.Build.0 = Release|Any CPU
		{55F713D4-43E9-474E-9637-AEBFB256F0F2}.Release|Any CPU.Deploy.0 = Release|Any CPU
		{55F713D4-43E9-474E-9637-AEBFB256F0F2}.Release|arm64.ActiveCfg = Release|Any CPU
		{55F713D4-43E9-474E-9637-AEBFB256F0F2}.Release|arm64.Build.0 = Release|Any CPU
		{55F713D4-43E9-474E-9637-AEBFB256F0F2}.Release|arm64.Deploy.0 = Release|Any CPU
		{55F713D4-43E9-474E-9637-AEBFB256F0F2}.Release|x64.ActiveCfg = Release|Any CPU
		{55F713D4-43E9-474E-9637-AEBFB256F0F2}.Release|x64.Build.0 = Release|Any CPU
		{55F713D4-43E9-474E-9637-AEBFB256F0F2}.Release|x64.Deploy.0 = Release|Any CPU
		{55F713D4-43E9-474E-9637-AEBFB256F0F2}.Release|x86.ActiveCfg = Release|Any CPU
		{55F713D4-43E9-474E-9637-AEBFB256F0F2}.Release|x86.Build.0 = Release|Any CPU
		{55F713D4-43E9-474E-9637-AEBFB256F0F2}.Release|x86.Deploy.0 = Release|Any CPU
		{98B191AC-A497-46E4-B889-A85ABE95C7E0}.Debug|Any CPU.ActiveCfg = Debug|x64
		{98B191AC-A497-46E4-B889-A85ABE95C7E0}.Debug|Any CPU.Build.0 = Debug|x64
		{98B191AC-A497-46E4-B889-A85ABE95C7E0}.Debug|Any CPU.Deploy.0 = Debug|x64
		{98B191AC-A497-46E4-B889-A85ABE95C7E0}.Debug|arm64.ActiveCfg = Debug|arm64
		{98B191AC-A497-46E4-B889-A85ABE95C7E0}.Debug|arm64.Build.0 = Debug|arm64
		{98B191AC-A497-46E4-B889-A85ABE95C7E0}.Debug|arm64.Deploy.0 = Debug|arm64
		{98B191AC-A497-46E4-B889-A85ABE95C7E0}.Debug|x64.ActiveCfg = Debug|x64
		{98B191AC-A497-46E4-B889-A85ABE95C7E0}.Debug|x64.Build.0 = Debug|x64
		{98B191AC-A497-46E4-B889-A85ABE95C7E0}.Debug|x64.Deploy.0 = Debug|x64
		{98B191AC-A497-46E4-B889-A85ABE95C7E0}.Debug|x86.ActiveCfg = Debug|x86
		{98B191AC-A497-46E4-B889-A85ABE95C7E0}.Debug|x86.Build.0 = Debug|x86
		{98B191AC-A497-46E4-B889-A85ABE95C7E0}.Debug|x86.Deploy.0 = Debug|x86
		{98B191AC-A497-46E4-B889-A85ABE95C7E0}.Release|Any CPU.ActiveCfg = Release|x64
		{98B191AC-A497-46E4-B889-A85ABE95C7E0}.Release|Any CPU.Build.0 = Release|x64
		{98B191AC-A497-46E4-B889-A85ABE95C7E0}.Release|Any CPU.Deploy.0 = Release|x64
		{98B191AC-A497-46E4-B889-A85ABE95C7E0}.Release|arm64.ActiveCfg = Release|arm64
		{98B191AC-A497-46E4-B889-A85ABE95C7E0}.Release|arm64.Build.0 = Release|arm64
		{98B191AC-A497-46E4-B889-A85ABE95C7E0}.Release|arm64.Deploy.0 = Release|arm64
		{98B191AC-A497-46E4-B889-A85ABE95C7E0}.Release|x64.ActiveCfg = Release|x64
		{98B191AC-A497-46E4-B889-A85ABE95C7E0}.Release|x64.Build.0 = Release|x64
		{98B191AC-A497-46E4-B889-A85ABE95C7E0}.Release|x64.Deploy.0 = Release|x64
		{98B191AC-A497-46E4-B889-A85ABE95C7E0}.Release|x86.ActiveCfg = Release|x86
		{98B191AC-A497-46E4-B889-A85ABE95C7E0}.Release|x86.Build.0 = Release|x86
		{98B191AC-A497-46E4-B889-A85ABE95C7E0}.Release|x86.Deploy.0 = Release|x86
		{7F7F15C2-017B-437B-B1A8-A6884CBCC984}.Debug|Any CPU.ActiveCfg = Debug|Any CPU
		{7F7F15C2-017B-437B-B1A8-A6884CBCC984}.Debug|Any CPU.Build.0 = Debug|Any CPU
		{7F7F15C2-017B-437B-B1A8-A6884CBCC984}.Debug|arm64.ActiveCfg = Debug|Any CPU
		{7F7F15C2-017B-437B-B1A8-A6884CBCC984}.Debug|arm64.Build.0 = Debug|Any CPU
		{7F7F15C2-017B-437B-B1A8-A6884CBCC984}.Debug|x64.ActiveCfg = Debug|Any CPU
		{7F7F15C2-017B-437B-B1A8-A6884CBCC984}.Debug|x64.Build.0 = Debug|Any CPU
		{7F7F15C2-017B-437B-B1A8-A6884CBCC984}.Debug|x86.ActiveCfg = Debug|Any CPU
		{7F7F15C2-017B-437B-B1A8-A6884CBCC984}.Debug|x86.Build.0 = Debug|Any CPU
		{7F7F15C2-017B-437B-B1A8-A6884CBCC984}.Release|Any CPU.ActiveCfg = Release|Any CPU
		{7F7F15C2-017B-437B-B1A8-A6884CBCC984}.Release|Any CPU.Build.0 = Release|Any CPU
		{7F7F15C2-017B-437B-B1A8-A6884CBCC984}.Release|arm64.ActiveCfg = Release|Any CPU
		{7F7F15C2-017B-437B-B1A8-A6884CBCC984}.Release|arm64.Build.0 = Release|Any CPU
		{7F7F15C2-017B-437B-B1A8-A6884CBCC984}.Release|x64.ActiveCfg = Release|Any CPU
		{7F7F15C2-017B-437B-B1A8-A6884CBCC984}.Release|x64.Build.0 = Release|Any CPU
		{7F7F15C2-017B-437B-B1A8-A6884CBCC984}.Release|x86.ActiveCfg = Release|Any CPU
		{7F7F15C2-017B-437B-B1A8-A6884CBCC984}.Release|x86.Build.0 = Release|Any CPU
		{A5ACBC11-6B7B-4128-95D9-550DE9681E68}.Debug|Any CPU.ActiveCfg = Debug|Any CPU
		{A5ACBC11-6B7B-4128-95D9-550DE9681E68}.Debug|Any CPU.Build.0 = Debug|Any CPU
		{A5ACBC11-6B7B-4128-95D9-550DE9681E68}.Debug|arm64.ActiveCfg = Debug|Any CPU
		{A5ACBC11-6B7B-4128-95D9-550DE9681E68}.Debug|arm64.Build.0 = Debug|Any CPU
		{A5ACBC11-6B7B-4128-95D9-550DE9681E68}.Debug|x64.ActiveCfg = Debug|Any CPU
		{A5ACBC11-6B7B-4128-95D9-550DE9681E68}.Debug|x64.Build.0 = Debug|Any CPU
		{A5ACBC11-6B7B-4128-95D9-550DE9681E68}.Debug|x86.ActiveCfg = Debug|Any CPU
		{A5ACBC11-6B7B-4128-95D9-550DE9681E68}.Debug|x86.Build.0 = Debug|Any CPU
		{A5ACBC11-6B7B-4128-95D9-550DE9681E68}.Release|Any CPU.ActiveCfg = Release|Any CPU
		{A5ACBC11-6B7B-4128-95D9-550DE9681E68}.Release|Any CPU.Build.0 = Release|Any CPU
		{A5ACBC11-6B7B-4128-95D9-550DE9681E68}.Release|arm64.ActiveCfg = Release|Any CPU
		{A5ACBC11-6B7B-4128-95D9-550DE9681E68}.Release|arm64.Build.0 = Release|Any CPU
		{A5ACBC11-6B7B-4128-95D9-550DE9681E68}.Release|x64.ActiveCfg = Release|Any CPU
		{A5ACBC11-6B7B-4128-95D9-550DE9681E68}.Release|x64.Build.0 = Release|Any CPU
		{A5ACBC11-6B7B-4128-95D9-550DE9681E68}.Release|x86.ActiveCfg = Release|Any CPU
		{A5ACBC11-6B7B-4128-95D9-550DE9681E68}.Release|x86.Build.0 = Release|Any CPU
	EndGlobalSection
	GlobalSection(SolutionProperties) = preSolution
		HideSolutionNode = FALSE
	EndGlobalSection
	GlobalSection(NestedProjects) = preSolution
		{F118EAA4-3BCF-458B-8345-2BA060DC1A2E} = {10AC4A0D-5879-455D-8AB6-A0F18280B7F2}
		{88667BBC-1A6B-4114-8420-0799B448C1DF} = {10AC4A0D-5879-455D-8AB6-A0F18280B7F2}
		{F82B1740-9CC1-43C7-ACF8-A82216EB983B} = {F118EAA4-3BCF-458B-8345-2BA060DC1A2E}
		{55F713D4-43E9-474E-9637-AEBFB256F0F2} = {F118EAA4-3BCF-458B-8345-2BA060DC1A2E}
		{98B191AC-A497-46E4-B889-A85ABE95C7E0} = {F118EAA4-3BCF-458B-8345-2BA060DC1A2E}
		{7F7F15C2-017B-437B-B1A8-A6884CBCC984} = {F118EAA4-3BCF-458B-8345-2BA060DC1A2E}
		{A5ACBC11-6B7B-4128-95D9-550DE9681E68} = {F118EAA4-3BCF-458B-8345-2BA060DC1A2E}
	EndGlobalSection
	GlobalSection(ExtensibilityGlobals) = postSolution
		SolutionGuid = {E7D2AB8B-C735-49A8-8156-C4B9FC777202}
	EndGlobalSection
EndGlobal
